
Microsoft Visual Studio Solution File, Format Version 12.00
# Visual Studio Version 17
VisualStudioVersion = 17.5.33414.496
MinimumVisualStudioVersion = 10.0.40219.1
Project("{FAE04EC0-301F-11D3-BF4B-00C04F79EFBC}") = "APIEvaluacion", "APIEvaluacion\APIEvaluacion.csproj", "{7129E865-88D5-4402-AAAE-8FEFA9D1436B}"
EndProject
Global
	GlobalSection(SolutionConfigurationPlatforms) = preSolution
		Debug|Any CPU = Debug|Any CPU
		Release|Any CPU = Release|Any CPU
	EndGlobalSection
	GlobalSection(ProjectConfigurationPlatforms) = postSolution
		{7129E865-88D5-4402-AAAE-8FEFA9D1436B}.Debug|Any CPU.ActiveCfg = Debug|Any CPU
		{7129E865-88D5-4402-AAAE-8FEFA9D1436B}.Debug|Any CPU.Build.0 = Debug|Any CPU
		{7129E865-88D5-4402-AAAE-8FEFA9D1436B}.Release|Any CPU.ActiveCfg = Release|Any CPU
		{7129E865-88D5-4402-AAAE-8FEFA9D1436B}.Release|Any CPU.Build.0 = Release|Any CPU
	EndGlobalSection
	GlobalSection(SolutionProperties) = preSolution
		HideSolutionNode = FALSE
	EndGlobalSection
	GlobalSection(ExtensibilityGlobals) = postSolution
		SolutionGuid = {99650A33-3B1A-44CB-8039-00B5076CA17E}
	EndGlobalSection
EndGlobal
